// !$*UTF8*$!
{
	archiveVersion = 1;
	classes = {
	};
	objectVersion = 55;
	objects = {

/* Begin PBXBuildFile section */
		CF953D4E2955C66F0036BB97 /* AppDelegate.swift in Sources */ = {isa = PBXBuildFile; fileRef = CF953D4D2955C66F0036BB97 /* AppDelegate.swift */; };
		CF953D502955C66F0036BB97 /* SceneDelegate.swift in Sources */ = {isa = PBXBuildFile; fileRef = CF953D4F2955C66F0036BB97 /* SceneDelegate.swift */; };
		CF953D522955C66F0036BB97 /* ViewController.swift in Sources */ = {isa = PBXBuildFile; fileRef = CF953D512955C66F0036BB97 /* ViewController.swift */; };
		CF953D552955C66F0036BB97 /* Main.storyboard in Resources */ = {isa = PBXBuildFile; fileRef = CF953D532955C66F0036BB97 /* Main.storyboard */; };
		CF953D572955C6700036BB97 /* Assets.xcassets in Resources */ = {isa = PBXBuildFile; fileRef = CF953D562955C6700036BB97 /* Assets.xcassets */; };
		CF953D5A2955C6700036BB97 /* LaunchScreen.storyboard in Resources */ = {isa = PBXBuildFile; fileRef = CF953D582955C6700036BB97 /* LaunchScreen.storyboard */; };
		CF953D652955C6700036BB97 /* IconTestTests.swift in Sources */ = {isa = PBXBuildFile; fileRef = CF953D642955C6700036BB97 /* IconTestTests.swift */; };
		CF953D6F2955C6700036BB97 /* IconTestUITests.swift in Sources */ = {isa = PBXBuildFile; fileRef = CF953D6E2955C6700036BB97 /* IconTestUITests.swift */; };
		CF953D712955C6700036BB97 /* IconTestUITestsLaunchTests.swift in Sources */ = {isa = PBXBuildFile; fileRef = CF953D702955C6700036BB97 /* IconTestUITestsLaunchTests.swift */; };
/* End PBXBuildFile section */

/* Begin PBXContainerItemProxy section */
		CF953D612955C6700036BB97 /* PBXContainerItemProxy */ = {
			isa = PBXContainerItemProxy;
			containerPortal = CF953D422955C66F0036BB97 /* Project object */;
			proxyType = 1;
			remoteGlobalIDString = CF953D492955C66F0036BB97;
			remoteInfo = IconTest;
		};
		CF953D6B2955C6700036BB97 /* PBXContainerItemProxy */ = {
			isa = PBXContainerItemProxy;
			containerPortal = CF953D422955C66F0036BB97 /* Project object */;
			proxyType = 1;
			remoteGlobalIDString = CF953D492955C66F0036BB97;
			remoteInfo = IconTest;
		};
/* End PBXContainerItemProxy section */

/* Begin PBXFileReference section */
		CF953D4A2955C66F0036BB97 /* IconTest.app */ = {isa = PBXFileReference; explicitFileType = wrapper.application; includeInIndex = 0; path = IconTest.app; sourceTree = BUILT_PRODUCTS_DIR; };
		CF953D4D2955C66F0036BB97 /* AppDelegate.swift */ = {isa = PBXFileReference; lastKnownFileType = sourcecode.swift; path = AppDelegate.swift; sourceTree = "<group>"; };
		CF953D4F2955C66F0036BB97 /* SceneDelegate.swift */ = {isa = PBXFileReference; lastKnownFileType = sourcecode.swift; path = SceneDelegate.swift; sourceTree = "<group>"; };
		CF953D512955C66F0036BB97 /* ViewController.swift */ = {isa = PBXFileReference; lastKnownFileType = sourcecode.swift; path = ViewController.swift; sourceTree = "<group>"; };
		CF953D542955C66F0036BB97 /* Base */ = {isa = PBXFileReference; lastKnownFileType = file.storyboard; name = Base; path = Base.lproj/Main.storyboard; sourceTree = "<group>"; };
		CF953D562955C6700036BB97 /* Assets.xcassets */ = {isa = PBXFileReference; lastKnownFileType = folder.assetcatalog; path = Assets.xcassets; sourceTree = "<group>"; };
		CF953D592955C6700036BB97 /* Base */ = {isa = PBXFileReference; lastKnownFileType = file.storyboard; name = Base; path = Base.lproj/LaunchScreen.storyboard; sourceTree = "<group>"; };
		CF953D5B2955C6700036BB97 /* Info.plist */ = {isa = PBXFileReference; lastKnownFileType = text.plist.xml; path = Info.plist; sourceTree = "<group>"; };
		CF953D602955C6700036BB97 /* IconTestTests.xctest */ = {isa = PBXFileReference; explicitFileType = wrapper.cfbundle; includeInIndex = 0; path = IconTestTests.xctest; sourceTree = BUILT_PRODUCTS_DIR; };
		CF953D642955C6700036BB97 /* IconTestTests.swift */ = {isa = PBXFileReference; lastKnownFileType = sourcecode.swift; path = IconTestTests.swift; sourceTree = "<group>"; };
		CF953D6A2955C6700036BB97 /* IconTestUITests.xctest */ = {isa = PBXFileReference; explicitFileType = wrapper.cfbundle; includeInIndex = 0; path = IconTestUITests.xctest; sourceTree = BUILT_PRODUCTS_DIR; };
		CF953D6E2955C6700036BB97 /* IconTestUITests.swift */ = {isa = PBXFileReference; lastKnownFileType = sourcecode.swift; path = IconTestUITests.swift; sourceTree = "<group>"; };
		CF953D702955C6700036BB97 /* IconTestUITestsLaunchTests.swift */ = {isa = PBXFileReference; lastKnownFileType = sourcecode.swift; path = IconTestUITestsLaunchTests.swift; sourceTree = "<group>"; };
/* End PBXFileReference section */

/* Begin PBXFrameworksBuildPhase section */
		CF953D472955C66F0036BB97 /* Frameworks */ = {
			isa = PBXFrameworksBuildPhase;
			buildActionMask = 2147483647;
			files = (
			);
			runOnlyForDeploymentPostprocessing = 0;
		};
		CF953D5D2955C6700036BB97 /* Frameworks */ = {
			isa = PBXFrameworksBuildPhase;
			buildActionMask = 2147483647;
			files = (
			);
			runOnlyForDeploymentPostprocessing = 0;
		};
		CF953D672955C6700036BB97 /* Frameworks */ = {
			isa = PBXFrameworksBuildPhase;
			buildActionMask = 2147483647;
			files = (
			);
			runOnlyForDeploymentPostprocessing = 0;
		};
/* End PBXFrameworksBuildPhase section */

/* Begin PBXGroup section */
		CF953D412955C66F0036BB97 = {
			isa = PBXGroup;
			children = (
				CF953D4C2955C66F0036BB97 /* IconTest */,
				CF953D632955C6700036BB97 /* IconTestTests */,
				CF953D6D2955C6700036BB97 /* IconTestUITests */,
				CF953D4B2955C66F0036BB97 /* Products */,
			);
			sourceTree = "<group>";
		};
		CF953D4B2955C66F0036BB97 /* Products */ = {
			isa = PBXGroup;
			children = (
				CF953D4A2955C66F0036BB97 /* IconTest.app */,
				CF953D602955C6700036BB97 /* IconTestTests.xctest */,
				CF953D6A2955C6700036BB97 /* IconTestUITests.xctest */,
			);
			name = Products;
			sourceTree = "<group>";
		};
		CF953D4C2955C66F0036BB97 /* IconTest */ = {
			isa = PBXGroup;
			children = (
				CF953D4D2955C66F0036BB97 /* AppDelegate.swift */,
				CF953D4F2955C66F0036BB97 /* SceneDelegate.swift */,
				CF953D512955C66F0036BB97 /* ViewController.swift */,
				CF953D532955C66F0036BB97 /* Main.storyboard */,
				CF953D562955C6700036BB97 /* Assets.xcassets */,
				CF953D582955C6700036BB97 /* LaunchScreen.storyboard */,
				CF953D5B2955C6700036BB97 /* Info.plist */,
			);
			path = IconTest;
			sourceTree = "<group>";
		};
		CF953D632955C6700036BB97 /* IconTestTests */ = {
			isa = PBXGroup;
			children = (
				CF953D642955C6700036BB97 /* IconTestTests.swift */,
			);
			path = IconTestTests;
			sourceTree = "<group>";
		};
		CF953D6D2955C6700036BB97 /* IconTestUITests */ = {
			isa = PBXGroup;
			children = (
				CF953D6E2955C6700036BB97 /* IconTestUITests.swift */,
				CF953D702955C6700036BB97 /* IconTestUITestsLaunchTests.swift */,
			);
			path = IconTestUITests;
			sourceTree = "<group>";
		};
/* End PBXGroup section */

/* Begin PBXNativeTarget section */
		CF953D492955C66F0036BB97 /* IconTest */ = {
			isa = PBXNativeTarget;
			buildConfigurationList = CF953D742955C6700036BB97 /* Build configuration list for PBXNativeTarget "IconTest" */;
			buildPhases = (
				CF953D462955C66F0036BB97 /* Sources */,
				CF953D472955C66F0036BB97 /* Frameworks */,
				CF953D482955C66F0036BB97 /* Resources */,
			);
			buildRules = (
			);
			dependencies = (
			);
			name = IconTest;
			productName = IconTest;
			productReference = CF953D4A2955C66F0036BB97 /* IconTest.app */;
			productType = "com.apple.product-type.application";
		};
		CF953D5F2955C6700036BB97 /* IconTestTests */ = {
			isa = PBXNativeTarget;
			buildConfigurationList = CF953D772955C6700036BB97 /* Build configuration list for PBXNativeTarget "IconTestTests" */;
			buildPhases = (
				CF953D5C2955C6700036BB97 /* Sources */,
				CF953D5D2955C6700036BB97 /* Frameworks */,
				CF953D5E2955C6700036BB97 /* Resources */,
			);
			buildRules = (
			);
			dependencies = (
				CF953D622955C6700036BB97 /* PBXTargetDependency */,
			);
			name = IconTestTests;
			productName = IconTestTests;
			productReference = CF953D602955C6700036BB97 /* IconTestTests.xctest */;
			productType = "com.apple.product-type.bundle.unit-test";
		};
		CF953D692955C6700036BB97 /* IconTestUITests */ = {
			isa = PBXNativeTarget;
			buildConfigurationList = CF953D7A2955C6700036BB97 /* Build configuration list for PBXNativeTarget "IconTestUITests" */;
			buildPhases = (
				CF953D662955C6700036BB97 /* Sources */,
				CF953D672955C6700036BB97 /* Frameworks */,
				CF953D682955C6700036BB97 /* Resources */,
			);
			buildRules = (
			);
			dependencies = (
				CF953D6C2955C6700036BB97 /* PBXTargetDependency */,
			);
			name = IconTestUITests;
			productName = IconTestUITests;
			productReference = CF953D6A2955C6700036BB97 /* IconTestUITests.xctest */;
			productType = "com.apple.product-type.bundle.ui-testing";
		};
/* End PBXNativeTarget section */

/* Begin PBXProject section */
		CF953D422955C66F0036BB97 /* Project object */ = {
			isa = PBXProject;
			attributes = {
				BuildIndependentTargetsInParallel = 1;
				LastSwiftUpdateCheck = 1330;
				LastUpgradeCheck = 1330;
				TargetAttributes = {
					CF953D492955C66F0036BB97 = {
						CreatedOnToolsVersion = 13.3;
					};
					CF953D5F2955C6700036BB97 = {
						CreatedOnToolsVersion = 13.3;
						TestTargetID = CF953D492955C66F0036BB97;
					};
					CF953D692955C6700036BB97 = {
						CreatedOnToolsVersion = 13.3;
						TestTargetID = CF953D492955C66F0036BB97;
					};
				};
			};
			buildConfigurationList = CF953D452955C66F0036BB97 /* Build configuration list for PBXProject "IconTest" */;
			compatibilityVersion = "Xcode 13.0";
			developmentRegion = en;
			hasScannedForEncodings = 0;
			knownRegions = (
				en,
				Base,
			);
			mainGroup = CF953D412955C66F0036BB97;
			productRefGroup = CF953D4B2955C66F0036BB97 /* Products */;
			projectDirPath = "";
			projectRoot = "";
			targets = (
				CF953D492955C66F0036BB97 /* IconTest */,
				CF953D5F2955C6700036BB97 /* IconTestTests */,
				CF953D692955C6700036BB97 /* IconTestUITests */,
			);
		};
/* End PBXProject section */

/* Begin PBXResourcesBuildPhase section */
		CF953D482955C66F0036BB97 /* Resources */ = {
			isa = PBXResourcesBuildPhase;
			buildActionMask = 2147483647;
			files = (
				CF953D5A2955C6700036BB97 /* LaunchScreen.storyboard in Resources */,
				CF953D572955C6700036BB97 /* Assets.xcassets in Resources */,
				CF953D552955C66F0036BB97 /* Main.storyboard in Resources */,
			);
			runOnlyForDeploymentPostprocessing = 0;
		};
		CF953D5E2955C6700036BB97 /* Resources */ = {
			isa = PBXResourcesBuildPhase;
			buildActionMask = 2147483647;
			files = (
			);
			runOnlyForDeploymentPostprocessing = 0;
		};
		CF953D682955C6700036BB97 /* Resources */ = {
			isa = PBXResourcesBuildPhase;
			buildActionMask = 2147483647;
			files = (
			);
			runOnlyForDeploymentPostprocessing = 0;
		};
/* End PBXResourcesBuildPhase section */

/* Begin PBXSourcesBuildPhase section */
		CF953D462955C66F0036BB97 /* Sources */ = {
			isa = PBXSourcesBuildPhase;
			buildActionMask = 2147483647;
			files = (
				CF953D522955C66F0036BB97 /* ViewController.swift in Sources */,
				CF953D4E2955C66F0036BB97 /* AppDelegate.swift in Sources */,
				CF953D502955C66F0036BB97 /* SceneDelegate.swift in Sources */,
			);
			runOnlyForDeploymentPostprocessing = 0;
		};
		CF953D5C2955C6700036BB97 /* Sources */ = {
			isa = PBXSourcesBuildPhase;
			buildActionMask = 2147483647;
			files = (
				CF953D652955C6700036BB97 /* IconTestTests.swift in Sources */,
			);
			runOnlyForDeploymentPostprocessing = 0;
		};
		CF953D662955C6700036BB97 /* Sources */ = {
			isa = PBXSourcesBuildPhase;
			buildActionMask = 2147483647;
			files = (
				CF953D712955C6700036BB97 /* IconTestUITestsLaunchTests.swift in Sources */,
				CF953D6F2955C6700036BB97 /* IconTestUITests.swift in Sources */,
			);
			runOnlyForDeploymentPostprocessing = 0;
		};
/* End PBXSourcesBuildPhase section */

/* Begin PBXTargetDependency section */
		CF953D622955C6700036BB97 /* PBXTargetDependency */ = {
			isa = PBXTargetDependency;
			target = CF953D492955C66F0036BB97 /* IconTest */;
			targetProxy = CF953D612955C6700036BB97 /* PBXContainerItemProxy */;
		};
		CF953D6C2955C6700036BB97 /* PBXTargetDependency */ = {
			isa = PBXTargetDependency;
			target = CF953D492955C66F0036BB97 /* IconTest */;
			targetProxy = CF953D6B2955C6700036BB97 /* PBXContainerItemProxy */;
		};
/* End PBXTargetDependency section */

/* Begin PBXVariantGroup section */
		CF953D532955C66F0036BB97 /* Main.storyboard */ = {
			isa = PBXVariantGroup;
			children = (
				CF953D542955C66F0036BB97 /* Base */,
			);
			name = Main.storyboard;
			sourceTree = "<group>";
		};
		CF953D582955C6700036BB97 /* LaunchScreen.storyboard */ = {
			isa = PBXVariantGroup;
			children = (
				CF953D592955C6700036BB97 /* Base */,
			);
			name = LaunchScreen.storyboard;
			sourceTree = "<group>";
		};
/* End PBXVariantGroup section */

/* Begin XCBuildConfiguration section */
		CF953D722955C6700036BB97 /* Debug */ = {
			isa = XCBuildConfiguration;
			buildSettings = {
				ALWAYS_SEARCH_USER_PATHS = NO;
				CLANG_ANALYZER_NONNULL = YES;
				CLANG_ANALYZER_NUMBER_OBJECT_CONVERSION = YES_AGGRESSIVE;
				CLANG_CXX_LANGUAGE_STANDARD = "gnu++17";
				CLANG_ENABLE_MODULES = YES;
				CLANG_ENABLE_OBJC_ARC = YES;
				CLANG_ENABLE_OBJC_WEAK = YES;
				CLANG_WARN_BLOCK_CAPTURE_AUTORELEASING = YES;
				CLANG_WARN_BOOL_CONVERSION = YES;
				CLANG_WARN_COMMA = YES;
				CLANG_WARN_CONSTANT_CONVERSION = YES;
				CLANG_WARN_DEPRECATED_OBJC_IMPLEMENTATIONS = YES;
				CLANG_WARN_DIRECT_OBJC_ISA_USAGE = YES_ERROR;
				CLANG_WARN_DOCUMENTATION_COMMENTS = YES;
				CLANG_WARN_EMPTY_BODY = YES;
				CLANG_WARN_ENUM_CONVERSION = YES;
				CLANG_WARN_INFINITE_RECURSION = YES;
				CLANG_WARN_INT_CONVERSION = YES;
				CLANG_WARN_NON_LITERAL_NULL_CONVERSION = YES;
				CLANG_WARN_OBJC_IMPLICIT_RETAIN_SELF = YES;
				CLANG_WARN_OBJC_LITERAL_CONVERSION = YES;
				CLANG_WARN_OBJC_ROOT_CLASS = YES_ERROR;
				CLANG_WARN_QUOTED_INCLUDE_IN_FRAMEWORK_HEADER = YES;
				CLANG_WARN_RANGE_LOOP_ANALYSIS = YES;
				CLANG_WARN_STRICT_PROTOTYPES = YES;
				CLANG_WARN_SUSPICIOUS_MOVE = YES;
				CLANG_WARN_UNGUARDED_AVAILABILITY = YES_AGGRESSIVE;
				CLANG_WARN_UNREACHABLE_CODE = YES;
				CLANG_WARN__DUPLICATE_METHOD_MATCH = YES;
				COPY_PHASE_STRIP = NO;
				DEBUG_INFORMATION_FORMAT = dwarf;
				ENABLE_STRICT_OBJC_MSGSEND = YES;
				ENABLE_TESTABILITY = YES;
				GCC_C_LANGUAGE_STANDARD = gnu11;
				GCC_DYNAMIC_NO_PIC = NO;
				GCC_NO_COMMON_BLOCKS = YES;
				GCC_OPTIMIZATION_LEVEL = 0;
				GCC_PREPROCESSOR_DEFINITIONS = (
					"DEBUG=1",
					"$(inherited)",
				);
				GCC_WARN_64_TO_32_BIT_CONVERSION = YES;
				GCC_WARN_ABOUT_RETURN_TYPE = YES_ERROR;
				GCC_WARN_UNDECLARED_SELECTOR = YES;
				GCC_WARN_UNINITIALIZED_AUTOS = YES_AGGRESSIVE;
				GCC_WARN_UNUSED_FUNCTION = YES;
				GCC_WARN_UNUSED_VARIABLE = YES;
				IPHONEOS_DEPLOYMENT_TARGET = 15.4;
				MTL_ENABLE_DEBUG_INFO = INCLUDE_SOURCE;
				MTL_FAST_MATH = YES;
				ONLY_ACTIVE_ARCH = YES;
				SDKROOT = iphoneos;
				SWIFT_ACTIVE_COMPILATION_CONDITIONS = DEBUG;
				SWIFT_OPTIMIZATION_LEVEL = "-Onone";
			};
			name = Debug;
		};
		CF953D732955C6700036BB97 /* Release */ = {
			isa = XCBuildConfiguration;
			buildSettings = {
				ALWAYS_SEARCH_USER_PATHS = NO;
				CLANG_ANALYZER_NONNULL = YES;
				CLANG_ANALYZER_NUMBER_OBJECT_CONVERSION = YES_AGGRESSIVE;
				CLANG_CXX_LANGUAGE_STANDARD = "gnu++17";
				CLANG_ENABLE_MODULES = YES;
				CLANG_ENABLE_OBJC_ARC = YES;
				CLANG_ENABLE_OBJC_WEAK = YES;
				CLANG_WARN_BLOCK_CAPTURE_AUTORELEASING = YES;
				CLANG_WARN_BOOL_CONVERSION = YES;
				CLANG_WARN_COMMA = YES;
				CLANG_WARN_CONSTANT_CONVERSION = YES;
				CLANG_WARN_DEPRECATED_OBJC_IMPLEMENTATIONS = YES;
				CLANG_WARN_DIRECT_OBJC_ISA_USAGE = YES_ERROR;
				CLANG_WARN_DOCUMENTATION_COMMENTS = YES;
				CLANG_WARN_EMPTY_BODY = YES;
				CLANG_WARN_ENUM_CONVERSION = YES;
				CLANG_WARN_INFINITE_RECURSION = YES;
				CLANG_WARN_INT_CONVERSION = YES;
				CLANG_WARN_NON_LITERAL_NULL_CONVERSION = YES;
				CLANG_WARN_OBJC_IMPLICIT_RETAIN_SELF = YES;
				CLANG_WARN_OBJC_LITERAL_CONVERSION = YES;
				CLANG_WARN_OBJC_ROOT_CLASS = YES_ERROR;
				CLANG_WARN_QUOTED_INCLUDE_IN_FRAMEWORK_HEADER = YES;
				CLANG_WARN_RANGE_LOOP_ANALYSIS = YES;
				CLANG_WARN_STRICT_PROTOTYPES = YES;
				CLANG_WARN_SUSPICIOUS_MOVE = YES;
				CLANG_WARN_UNGUARDED_AVAILABILITY = YES_AGGRESSIVE;
				CLANG_WARN_UNREACHABLE_CODE = YES;
				CLANG_WARN__DUPLICATE_METHOD_MATCH = YES;
				COPY_PHASE_STRIP = NO;
				DEBUG_INFORMATION_FORMAT = "dwarf-with-dsym";
				ENABLE_NS_ASSERTIONS = NO;
				ENABLE_STRICT_OBJC_MSGSEND = YES;
				GCC_C_LANGUAGE_STANDARD = gnu11;
				GCC_NO_COMMON_BLOCKS = YES;
				GCC_WARN_64_TO_32_BIT_CONVERSION = YES;
				GCC_WARN_ABOUT_RETURN_TYPE = YES_ERROR;
				GCC_WARN_UNDECLARED_SELECTOR = YES;
				GCC_WARN_UNINITIALIZED_AUTOS = YES_AGGRESSIVE;
				GCC_WARN_UNUSED_FUNCTION = YES;
				GCC_WARN_UNUSED_VARIABLE = YES;
				IPHONEOS_DEPLOYMENT_TARGET = 15.4;
				MTL_ENABLE_DEBUG_INFO = NO;
				MTL_FAST_MATH = YES;
				SDKROOT = iphoneos;
				SWIFT_COMPILATION_MODE = wholemodule;
				SWIFT_OPTIMIZATION_LEVEL = "-O";
				VALIDATE_PRODUCT = YES;
			};
			name = Release;
		};
		CF953D752955C6700036BB97 /* Debug */ = {
			isa = XCBuildConfiguration;
			buildSettings = {
				ASSETCATALOG_COMPILER_APPICON_NAME = AppIcon;
				ASSETCATALOG_COMPILER_GLOBAL_ACCENT_COLOR_NAME = AccentColor;
				CODE_SIGN_STYLE = Automatic;
				CURRENT_PROJECT_VERSION = 1;
				GENERATE_INFOPLIST_FILE = YES;
				INFOPLIST_FILE = IconTest/Info.plist;
				INFOPLIST_KEY_UIApplicationSupportsIndirectInputEvents = YES;
				INFOPLIST_KEY_UILaunchStoryboardName = LaunchScreen;
				INFOPLIST_KEY_UIMainStoryboardFile = Main;
				INFOPLIST_KEY_UISupportedInterfaceOrientations_iPad = "UIInterfaceOrientationPortrait UIInterfaceOrientationPortraitUpsideDown UIInterfaceOrientationLandscapeLeft UIInterfaceOrientationLandscapeRight";
				INFOPLIST_KEY_UISupportedInterfaceOrientations_iPhone = "UIInterfaceOrientationPortrait UIInterfaceOrientationLandscapeLeft UIInterfaceOrientationLandscapeRight";
				LD_RUNPATH_SEARCH_PATHS = (
					"$(inherited)",
					"@executable_path/Frameworks",
				);
				MARKETING_VERSION = 1.0;
				PRODUCT_BUNDLE_IDENTIFIER = Ljunhyeob.IconTest;
				PRODUCT_NAME = "$(TARGET_NAME)";
				SWIFT_EMIT_LOC_STRINGS = YES;
				SWIFT_VERSION = 5.0;
				TARGETED_DEVICE_FAMILY = "1,2";
			};
			name = Debug;
		};
		CF953D762955C6700036BB97 /* Release */ = {
			isa = XCBuildConfiguration;
			buildSettings = {
				ASSETCATALOG_COMPILER_APPICON_NAME = AppIcon;
				ASSETCATALOG_COMPILER_GLOBAL_ACCENT_COLOR_NAME = AccentColor;
				CODE_SIGN_STYLE = Automatic;
				CURRENT_PROJECT_VERSION = 1;
				GENERATE_INFOPLIST_FILE = YES;
				INFOPLIST_FILE = IconTest/Info.plist;
				INFOPLIST_KEY_UIApplicationSupportsIndirectInputEvents = YES;
				INFOPLIST_KEY_UILaunchStoryboardName = LaunchScreen;
				INFOPLIST_KEY_UIMainStoryboardFile = Main;
				INFOPLIST_KEY_UISupportedInterfaceOrientations_iPad = "UIInterfaceOrientationPortrait UIInterfaceOrientationPortraitUpsideDown UIInterfaceOrientationLandscapeLeft UIInterfaceOrientationLandscapeRight";
				INFOPLIST_KEY_UISupportedInterfaceOrientations_iPhone = "UIInterfaceOrientationPortrait UIInterfaceOrientationLandscapeLeft UIInterfaceOrientationLandscapeRight";
				LD_RUNPATH_SEARCH_PATHS = (
					"$(inherited)",
					"@executable_path/Frameworks",
				);
				MARKETING_VERSION = 1.0;
				PRODUCT_BUNDLE_IDENTIFIER = Ljunhyeob.IconTest;
				PRODUCT_NAME = "$(TARGET_NAME)";
				SWIFT_EMIT_LOC_STRINGS = YES;
				SWIFT_VERSION = 5.0;
				TARGETED_DEVICE_FAMILY = "1,2";
			};
			name = Release;
		};
		CF953D782955C6700036BB97 /* Debug */ = {
			isa = XCBuildConfiguration;
			buildSettings = {
				ALWAYS_EMBED_SWIFT_STANDARD_LIBRARIES = YES;
				BUNDLE_LOADER = "$(TEST_HOST)";
				CODE_SIGN_STYLE = Automatic;
				CURRENT_PROJECT_VERSION = 1;
				GENERATE_INFOPLIST_FILE = YES;
				IPHONEOS_DEPLOYMENT_TARGET = 15.4;
				MARKETING_VERSION = 1.0;
				PRODUCT_BUNDLE_IDENTIFIER = Ljunhyeob.IconTestTests;
				PRODUCT_NAME = "$(TARGET_NAME)";
				SWIFT_EMIT_LOC_STRINGS = NO;
				SWIFT_VERSION = 5.0;
				TARGETED_DEVICE_FAMILY = "1,2";
				TEST_HOST = "$(BUILT_PRODUCTS_DIR)/IconTest.app/IconTest";
			};
			name = Debug;
		};
		CF953D792955C6700036BB97 /* Release */ = {
			isa = XCBuildConfiguration;
			buildSettings = {
				ALWAYS_EMBED_SWIFT_STANDARD_LIBRARIES = YES;
				BUNDLE_LOADER = "$(TEST_HOST)";
				CODE_SIGN_STYLE = Automatic;
				CURRENT_PROJECT_VERSION = 1;
				GENERATE_INFOPLIST_FILE = YES;
				IPHONEOS_DEPLOYMENT_TARGET = 15.4;
				MARKETING_VERSION = 1.0;
				PRODUCT_BUNDLE_IDENTIFIER = Ljunhyeob.IconTestTests;
				PRODUCT_NAME = "$(TARGET_NAME)";
				SWIFT_EMIT_LOC_STRINGS = NO;
				SWIFT_VERSION = 5.0;
				TARGETED_DEVICE_FAMILY = "1,2";
				TEST_HOST = "$(BUILT_PRODUCTS_DIR)/IconTest.app/IconTest";
			};
			name = Release;
		};
		CF953D7B2955C6700036BB97 /* Debug */ = {
			isa = XCBuildConfiguration;
			buildSettings = {
				ALWAYS_EMBED_SWIFT_STANDARD_LIBRARIES = YES;
				CODE_SIGN_STYLE = Automatic;
				CURRENT_PROJECT_VERSION = 1;
				GENERATE_INFOPLIST_FILE = YES;
				MARKETING_VERSION = 1.0;
				PRODUCT_BUNDLE_IDENTIFIER = Ljunhyeob.IconTestUITests;
				PRODUCT_NAME = "$(TARGET_NAME)";
				SWIFT_EMIT_LOC_STRINGS = NO;
				SWIFT_VERSION = 5.0;
				TARGETED_DEVICE_FAMILY = "1,2";
				TEST_TARGET_NAME = IconTest;
			};
			name = Debug;
		};
		CF953D7C2955C6700036BB97 /* Release */ = {
			isa = XCBuildConfiguration;
			buildSettings = {
				ALWAYS_EMBED_SWIFT_STANDARD_LIBRARIES = YES;
				CODE_SIGN_STYLE = Automatic;
				CURRENT_PROJECT_VERSION = 1;
				GENERATE_INFOPLIST_FILE = YES;
				MARKETING_VERSION = 1.0;
				PRODUCT_BUNDLE_IDENTIFIER = Ljunhyeob.IconTestUITests;
				PRODUCT_NAME = "$(TARGET_NAME)";
				SWIFT_EMIT_LOC_STRINGS = NO;
				SWIFT_VERSION = 5.0;
				TARGETED_DEVICE_FAMILY = "1,2";
				TEST_TARGET_NAME = IconTest;
			};
			name = Release;
		};
/* End XCBuildConfiguration section */

/* Begin XCConfigurationList section */
		CF953D452955C66F0036BB97 /* Build configuration list for PBXProject "IconTest" */ = {
			isa = XCConfigurationList;
			buildConfigurations = (
				CF953D722955C6700036BB97 /* Debug */,
				CF953D732955C6700036BB97 /* Release */,
			);
			defaultConfigurationIsVisible = 0;
			defaultConfigurationName = Release;
		};
		CF953D742955C6700036BB97 /* Build configuration list for PBXNativeTarget "IconTest" */ = {
			isa = XCConfigurationList;
			buildConfigurations = (
				CF953D752955C6700036BB97 /* Debug */,
				CF953D762955C6700036BB97 /* Release */,
			);
			defaultConfigurationIsVisible = 0;
			defaultConfigurationName = Release;
		};
		CF953D772955C6700036BB97 /* Build configuration list for PBXNativeTarget "IconTestTests" */ = {
			isa = XCConfigurationList;
			buildConfigurations = (
				CF953D782955C6700036BB97 /* Debug */,
				CF953D792955C6700036BB97 /* Release */,
			);
			defaultConfigurationIsVisible = 0;
			defaultConfigurationName = Release;
		};
		CF953D7A2955C6700036BB97 /* Build configuration list for PBXNativeTarget "IconTestUITests" */ = {
			isa = XCConfigurationList;
			buildConfigurations = (
				CF953D7B2955C6700036BB97 /* Debug */,
				CF953D7C2955C6700036BB97 /* Release */,
			);
			defaultConfigurationIsVisible = 0;
			defaultConfigurationName = Release;
		};
/* End XCConfigurationList section */
	};
	rootObject = CF953D422955C66F0036BB97 /* Project object */;
}
